
Microsoft Visual Studio Solution File, Format Version 12.00
# Visual Studio 2012
Project("{FAE04EC0-301F-11D3-BF4B-00C04F79EFBC}") = "LogService", "LogService\LogService.csproj", "{6CD2F659-BD30-4D34-BEEE-429018181D4B}"
EndProject
Project("{FAE04EC0-301F-11D3-BF4B-00C04F79EFBC}") = "LogTests", "LogTests\LogTests.csproj", "{A1CA50E4-D5B6-4986-B193-156E4DE02E34}"
EndProject
Global
	GlobalSection(SolutionConfigurationPlatforms) = preSolution
		Debug|Any CPU = Debug|Any CPU
		Release|Any CPU = Release|Any CPU
	EndGlobalSection
	GlobalSection(ProjectConfigurationPlatforms) = postSolution
		{6CD2F659-BD30-4D34-BEEE-429018181D4B}.Debug|Any CPU.ActiveCfg = Debug|Any CPU
		{6CD2F659-BD30-4D34-BEEE-429018181D4B}.Debug|Any CPU.Build.0 = Debug|Any CPU
		{6CD2F659-BD30-4D34-BEEE-429018181D4B}.Release|Any CPU.ActiveCfg = Release|Any CPU
		{6CD2F659-BD30-4D34-BEEE-429018181D4B}.Release|Any CPU.Build.0 = Release|Any CPU
		{A1CA50E4-D5B6-4986-B193-156E4DE02E34}.Debug|Any CPU.ActiveCfg = Debug|Any CPU
		{A1CA50E4-D5B6-4986-B193-156E4DE02E34}.Debug|Any CPU.Build.0 = Debug|Any CPU
		{A1CA50E4-D5B6-4986-B193-156E4DE02E34}.Release|Any CPU.ActiveCfg = Release|Any CPU
		{A1CA50E4-D5B6-4986-B193-156E4DE02E34}.Release|Any CPU.Build.0 = Release|Any CPU
	EndGlobalSection
EndGlobal
